
Microsoft Visual Studio Solution File, Format Version 12.00
# Visual Studio Version 16
VisualStudioVersion = 16.0.29806.167
MinimumVisualStudioVersion = 10.0.40219.1
Project("{FAE04EC0-301F-11D3-BF4B-00C04F79EFBC}") = "MVC - Example", "MVC - Example\MVC - Example.csproj", "{7747EC04-212A-4837-8A62-B0C5BC2D3A2A}"
EndProject
Global
	GlobalSection(SolutionConfigurationPlatforms) = preSolution
		Debug|Any CPU = Debug|Any CPU
		Release|Any CPU = Release|Any CPU
	EndGlobalSection
	GlobalSection(ProjectConfigurationPlatforms) = postSolution
		{7747EC04-212A-4837-8A62-B0C5BC2D3A2A}.Debug|Any CPU.ActiveCfg = Debug|Any CPU
		{7747EC04-212A-4837-8A62-B0C5BC2D3A2A}.Debug|Any CPU.Build.0 = Debug|Any CPU
		{7747EC04-212A-4837-8A62-B0C5BC2D3A2A}.Release|Any CPU.ActiveCfg = Release|Any CPU
		{7747EC04-212A-4837-8A62-B0C5BC2D3A2A}.Release|Any CPU.Build.0 = Release|Any CPU
	EndGlobalSection
	GlobalSection(SolutionProperties) = preSolution
		HideSolutionNode = FALSE
	EndGlobalSection
	GlobalSection(ExtensibilityGlobals) = postSolution
		SolutionGuid = {6F883F8A-B570-44C0-83B5-C77557F1D146}
	EndGlobalSection
EndGlobal
