
Microsoft Visual Studio Solution File, Format Version 12.00
# Visual Studio Version 16
VisualStudioVersion = 16.0.29806.167
MinimumVisualStudioVersion = 10.0.40219.1
Project("{FAE04EC0-301F-11D3-BF4B-00C04F79EFBC}") = "IT_lab2_zad3", "IT_lab2_zad3\IT_lab2_zad3.csproj", "{2A45C41E-FC8C-486E-A827-17FBA67C5FCF}"
EndProject
Global
	GlobalSection(SolutionConfigurationPlatforms) = preSolution
		Debug|Any CPU = Debug|Any CPU
		Release|Any CPU = Release|Any CPU
	EndGlobalSection
	GlobalSection(ProjectConfigurationPlatforms) = postSolution
		{2A45C41E-FC8C-486E-A827-17FBA67C5FCF}.Debug|Any CPU.ActiveCfg = Debug|Any CPU
		{2A45C41E-FC8C-486E-A827-17FBA67C5FCF}.Debug|Any CPU.Build.0 = Debug|Any CPU
		{2A45C41E-FC8C-486E-A827-17FBA67C5FCF}.Release|Any CPU.ActiveCfg = Release|Any CPU
		{2A45C41E-FC8C-486E-A827-17FBA67C5FCF}.Release|Any CPU.Build.0 = Release|Any CPU
	EndGlobalSection
	GlobalSection(SolutionProperties) = preSolution
		HideSolutionNode = FALSE
	EndGlobalSection
	GlobalSection(ExtensibilityGlobals) = postSolution
		SolutionGuid = {B9FD7B93-9DCD-4AB9-8987-8AEED9C9B335}
	EndGlobalSection
EndGlobal
