
Microsoft Visual Studio Solution File, Format Version 12.00
# Visual Studio Version 16
VisualStudioVersion = 16.0.29806.167
MinimumVisualStudioVersion = 10.0.40219.1
Project("{FAE04EC0-301F-11D3-BF4B-00C04F79EFBC}") = "IT_lab3", "IT_lab3\IT_lab3.csproj", "{DD46F4A1-1D67-4F27-A71B-0D4E1C165A92}"
EndProject
Global
	GlobalSection(SolutionConfigurationPlatforms) = preSolution
		Debug|Any CPU = Debug|Any CPU
		Release|Any CPU = Release|Any CPU
	EndGlobalSection
	GlobalSection(ProjectConfigurationPlatforms) = postSolution
		{DD46F4A1-1D67-4F27-A71B-0D4E1C165A92}.Debug|Any CPU.ActiveCfg = Debug|Any CPU
		{DD46F4A1-1D67-4F27-A71B-0D4E1C165A92}.Debug|Any CPU.Build.0 = Debug|Any CPU
		{DD46F4A1-1D67-4F27-A71B-0D4E1C165A92}.Release|Any CPU.ActiveCfg = Release|Any CPU
		{DD46F4A1-1D67-4F27-A71B-0D4E1C165A92}.Release|Any CPU.Build.0 = Release|Any CPU
	EndGlobalSection
	GlobalSection(SolutionProperties) = preSolution
		HideSolutionNode = FALSE
	EndGlobalSection
	GlobalSection(ExtensibilityGlobals) = postSolution
		SolutionGuid = {D2542C74-F897-4CC6-8593-5077E88CDBDD}
	EndGlobalSection
EndGlobal
