
Microsoft Visual Studio Solution File, Format Version 12.00
# Visual Studio Version 16
VisualStudioVersion = 16.0.29806.167
MinimumVisualStudioVersion = 10.0.40219.1
Project("{FAE04EC0-301F-11D3-BF4B-00C04F79EFBC}") = "IT_AV2", "IT_AV2\IT_AV2.csproj", "{DD9E7ABD-8504-4F49-913B-B7734B1F15FD}"
EndProject
Global
	GlobalSection(SolutionConfigurationPlatforms) = preSolution
		Debug|Any CPU = Debug|Any CPU
		Release|Any CPU = Release|Any CPU
	EndGlobalSection
	GlobalSection(ProjectConfigurationPlatforms) = postSolution
		{DD9E7ABD-8504-4F49-913B-B7734B1F15FD}.Debug|Any CPU.ActiveCfg = Debug|Any CPU
		{DD9E7ABD-8504-4F49-913B-B7734B1F15FD}.Debug|Any CPU.Build.0 = Debug|Any CPU
		{DD9E7ABD-8504-4F49-913B-B7734B1F15FD}.Release|Any CPU.ActiveCfg = Release|Any CPU
		{DD9E7ABD-8504-4F49-913B-B7734B1F15FD}.Release|Any CPU.Build.0 = Release|Any CPU
	EndGlobalSection
	GlobalSection(SolutionProperties) = preSolution
		HideSolutionNode = FALSE
	EndGlobalSection
	GlobalSection(ExtensibilityGlobals) = postSolution
		SolutionGuid = {F812B4AA-8F6C-413D-BFAA-2E0EE9C47C97}
	EndGlobalSection
EndGlobal
